
Microsoft Visual Studio Solution File, Format Version 12.00
# Visual Studio 2013
VisualStudioVersion = 12.0.21005.1
MinimumVisualStudioVersion = 10.0.40219.1
Project("{FAE04EC0-301F-11D3-BF4B-00C04F79EFBC}") = "01.UserInfoWebForm", "UserInfoWebForm\01.UserInfoWebForm.csproj", "{081A2136-BF73-47BE-AAF1-683CD92CED9E}"
EndProject
Project("{FAE04EC0-301F-11D3-BF4B-00C04F79EFBC}") = "02.Table", "Table\02.Table.csproj", "{5A6CEE1E-F2A8-43B2-8A29-A49E7C7A3C2F}"
EndProject
Project("{FAE04EC0-301F-11D3-BF4B-00C04F79EFBC}") = "03.Laptops", "Laptops\03.Laptops.csproj", "{625E028E-C574-401E-90C8-8FE40C5FEEE3}"
EndProject
Project("{FAE04EC0-301F-11D3-BF4B-00C04F79EFBC}") = "04.Grid", "Grid\04.Grid.csproj", "{F3649EC4-1735-434E-8531-7E8531FBE11E}"
EndProject
Global
	GlobalSection(SolutionConfigurationPlatforms) = preSolution
		Debug|Any CPU = Debug|Any CPU
		Release|Any CPU = Release|Any CPU
	EndGlobalSection
	GlobalSection(ProjectConfigurationPlatforms) = postSolution
		{081A2136-BF73-47BE-AAF1-683CD92CED9E}.Debug|Any CPU.ActiveCfg = Debug|Any CPU
		{081A2136-BF73-47BE-AAF1-683CD92CED9E}.Debug|Any CPU.Build.0 = Debug|Any CPU
		{081A2136-BF73-47BE-AAF1-683CD92CED9E}.Release|Any CPU.ActiveCfg = Release|Any CPU
		{081A2136-BF73-47BE-AAF1-683CD92CED9E}.Release|Any CPU.Build.0 = Release|Any CPU
		{5A6CEE1E-F2A8-43B2-8A29-A49E7C7A3C2F}.Debug|Any CPU.ActiveCfg = Debug|Any CPU
		{5A6CEE1E-F2A8-43B2-8A29-A49E7C7A3C2F}.Debug|Any CPU.Build.0 = Debug|Any CPU
		{5A6CEE1E-F2A8-43B2-8A29-A49E7C7A3C2F}.Release|Any CPU.ActiveCfg = Release|Any CPU
		{5A6CEE1E-F2A8-43B2-8A29-A49E7C7A3C2F}.Release|Any CPU.Build.0 = Release|Any CPU
		{625E028E-C574-401E-90C8-8FE40C5FEEE3}.Debug|Any CPU.ActiveCfg = Debug|Any CPU
		{625E028E-C574-401E-90C8-8FE40C5FEEE3}.Debug|Any CPU.Build.0 = Debug|Any CPU
		{625E028E-C574-401E-90C8-8FE40C5FEEE3}.Release|Any CPU.ActiveCfg = Release|Any CPU
		{625E028E-C574-401E-90C8-8FE40C5FEEE3}.Release|Any CPU.Build.0 = Release|Any CPU
		{F3649EC4-1735-434E-8531-7E8531FBE11E}.Debug|Any CPU.ActiveCfg = Debug|Any CPU
		{F3649EC4-1735-434E-8531-7E8531FBE11E}.Debug|Any CPU.Build.0 = Debug|Any CPU
		{F3649EC4-1735-434E-8531-7E8531FBE11E}.Release|Any CPU.ActiveCfg = Release|Any CPU
		{F3649EC4-1735-434E-8531-7E8531FBE11E}.Release|Any CPU.Build.0 = Release|Any CPU
	EndGlobalSection
	GlobalSection(SolutionProperties) = preSolution
		HideSolutionNode = FALSE
	EndGlobalSection
EndGlobal
