
Microsoft Visual Studio Solution File, Format Version 12.00
# Visual Studio Express 2013 for Windows Desktop
VisualStudioVersion = 12.0.21005.1
MinimumVisualStudioVersion = 10.0.40219.1
Project("{FAE04EC0-301F-11D3-BF4B-00C04F79EFBC}") = "01.IndexMultipliedByFive", "01.IndexMultipliedByFive\01.IndexMultipliedByFive.csproj", "{9A3B668B-4490-444A-94BF-F6A416952AE0}"
EndProject
Project("{FAE04EC0-301F-11D3-BF4B-00C04F79EFBC}") = "02.CompareTwoArrays", "02.CompareTwoArrays\02.CompareTwoArrays.csproj", "{3FB4C93C-7ABF-4072-A8A5-3991375DECAE}"
EndProject
Project("{FAE04EC0-301F-11D3-BF4B-00C04F79EFBC}") = "03.CompareTwoCharArrays", "03.CompareTwoCharArrays\03.CompareTwoCharArrays.csproj", "{8EAAD09E-8E91-4BDA-90C2-65905C1D15F6}"
EndProject
Project("{FAE04EC0-301F-11D3-BF4B-00C04F79EFBC}") = "04.SequenceOfEqualElements", "04.SequenceOfEqualElements\04.SequenceOfEqualElements.csproj", "{97D8B538-7AB9-4B89-9C1E-6E70A3534A31}"
EndProject
Project("{FAE04EC0-301F-11D3-BF4B-00C04F79EFBC}") = "05.MaximalIncreasingSequence", "05.MaximalIncreasingSequence\05.MaximalIncreasingSequence.csproj", "{4DD1A25F-C1C8-4461-A0B4-AB2BE9C43580}"
EndProject
Project("{FAE04EC0-301F-11D3-BF4B-00C04F79EFBC}") = "06.FindKElementsWithMaxSum", "06.FindKElementsWithMaxSum\06.FindKElementsWithMaxSum.csproj", "{7F171468-E18A-4471-8995-D4259F226F35}"
EndProject
Project("{FAE04EC0-301F-11D3-BF4B-00C04F79EFBC}") = "07.SelectionSortAlgo", "07.SelectionSortAlgo\07.SelectionSortAlgo.csproj", "{A5EA0B80-DF6C-4F50-AED2-682414E0D71C}"
EndProject
Project("{FAE04EC0-301F-11D3-BF4B-00C04F79EFBC}") = "08.FindSequenceOfMaxSum", "08.FindSequenceOfMaxSum\08.FindSequenceOfMaxSum.csproj", "{DCA2AE9F-F754-46CD-9B7E-3D7FB01FF09A}"
EndProject
Project("{FAE04EC0-301F-11D3-BF4B-00C04F79EFBC}") = "09.FindMostFrequentNumber", "09.FindMostFrequentNumber\09.FindMostFrequentNumber.csproj", "{BD1BF8EC-F451-4209-9856-DFEA44EF5DC1}"
EndProject
Project("{FAE04EC0-301F-11D3-BF4B-00C04F79EFBC}") = "10.FindASequenceOfGivenSum", "10.FindASequenceOfGivenSum\10.FindASequenceOfGivenSum.csproj", "{23411572-4F32-42C8-BA2C-51922884A67C}"
EndProject
Project("{FAE04EC0-301F-11D3-BF4B-00C04F79EFBC}") = "11.BinarySearchAlgo", "11.BinarySearchAlgo\11.BinarySearchAlgo.csproj", "{60EC82D5-CA3F-471F-AE5B-82BA22BB4D46}"
EndProject
Project("{FAE04EC0-301F-11D3-BF4B-00C04F79EFBC}") = "12.AlphabetArray", "12.AlphabetArray\12.AlphabetArray.csproj", "{FD2CC4FC-7DEE-420A-A25D-A0F5EDCF4521}"
EndProject
Project("{FAE04EC0-301F-11D3-BF4B-00C04F79EFBC}") = "13.MergeSortAlgorithm", "13.MergeSortAlgorithm\13.MergeSortAlgorithm.csproj", "{17796B75-6DB8-47F2-8026-78D6D1E69BBB}"
EndProject
Project("{FAE04EC0-301F-11D3-BF4B-00C04F79EFBC}") = "14.QuickSortAlgorithm", "14.QuickSortAlgorithm\14.QuickSortAlgorithm.csproj", "{D77343CA-791C-46A7-BF27-A0040E825638}"
EndProject
Project("{FAE04EC0-301F-11D3-BF4B-00C04F79EFBC}") = "20.VariationsKN", "20.VariationsKN\20.VariationsKN.csproj", "{9C4E1E5E-4C60-4BED-92DF-F985E8866A6F}"
EndProject
Project("{FAE04EC0-301F-11D3-BF4B-00C04F79EFBC}") = "21.CombinationsKN", "21.CombinationsKN\21.CombinationsKN.csproj", "{60A74811-CAE5-4F50-A68F-E51F65D33955}"
EndProject
Project("{FAE04EC0-301F-11D3-BF4B-00C04F79EFBC}") = "15.SieveOfErathosthenesAlgo", "15.SieveOfErathosthenesAlgo\15.SieveOfErathosthenesAlgo.csproj", "{09A29D17-CCEC-461A-B64B-C5E792B714C5}"
EndProject
Global
	GlobalSection(SolutionConfigurationPlatforms) = preSolution
		Debug|Any CPU = Debug|Any CPU
		Release|Any CPU = Release|Any CPU
	EndGlobalSection
	GlobalSection(ProjectConfigurationPlatforms) = postSolution
		{9A3B668B-4490-444A-94BF-F6A416952AE0}.Debug|Any CPU.ActiveCfg = Debug|Any CPU
		{9A3B668B-4490-444A-94BF-F6A416952AE0}.Debug|Any CPU.Build.0 = Debug|Any CPU
		{9A3B668B-4490-444A-94BF-F6A416952AE0}.Release|Any CPU.ActiveCfg = Release|Any CPU
		{9A3B668B-4490-444A-94BF-F6A416952AE0}.Release|Any CPU.Build.0 = Release|Any CPU
		{3FB4C93C-7ABF-4072-A8A5-3991375DECAE}.Debug|Any CPU.ActiveCfg = Debug|Any CPU
		{3FB4C93C-7ABF-4072-A8A5-3991375DECAE}.Debug|Any CPU.Build.0 = Debug|Any CPU
		{3FB4C93C-7ABF-4072-A8A5-3991375DECAE}.Release|Any CPU.ActiveCfg = Release|Any CPU
		{3FB4C93C-7ABF-4072-A8A5-3991375DECAE}.Release|Any CPU.Build.0 = Release|Any CPU
		{8EAAD09E-8E91-4BDA-90C2-65905C1D15F6}.Debug|Any CPU.ActiveCfg = Debug|Any CPU
		{8EAAD09E-8E91-4BDA-90C2-65905C1D15F6}.Debug|Any CPU.Build.0 = Debug|Any CPU
		{8EAAD09E-8E91-4BDA-90C2-65905C1D15F6}.Release|Any CPU.ActiveCfg = Release|Any CPU
		{8EAAD09E-8E91-4BDA-90C2-65905C1D15F6}.Release|Any CPU.Build.0 = Release|Any CPU
		{97D8B538-7AB9-4B89-9C1E-6E70A3534A31}.Debug|Any CPU.ActiveCfg = Debug|Any CPU
		{97D8B538-7AB9-4B89-9C1E-6E70A3534A31}.Debug|Any CPU.Build.0 = Debug|Any CPU
		{97D8B538-7AB9-4B89-9C1E-6E70A3534A31}.Release|Any CPU.ActiveCfg = Release|Any CPU
		{97D8B538-7AB9-4B89-9C1E-6E70A3534A31}.Release|Any CPU.Build.0 = Release|Any CPU
		{4DD1A25F-C1C8-4461-A0B4-AB2BE9C43580}.Debug|Any CPU.ActiveCfg = Debug|Any CPU
		{4DD1A25F-C1C8-4461-A0B4-AB2BE9C43580}.Debug|Any CPU.Build.0 = Debug|Any CPU
		{4DD1A25F-C1C8-4461-A0B4-AB2BE9C43580}.Release|Any CPU.ActiveCfg = Release|Any CPU
		{4DD1A25F-C1C8-4461-A0B4-AB2BE9C43580}.Release|Any CPU.Build.0 = Release|Any CPU
		{7F171468-E18A-4471-8995-D4259F226F35}.Debug|Any CPU.ActiveCfg = Debug|Any CPU
		{7F171468-E18A-4471-8995-D4259F226F35}.Debug|Any CPU.Build.0 = Debug|Any CPU
		{7F171468-E18A-4471-8995-D4259F226F35}.Release|Any CPU.ActiveCfg = Release|Any CPU
		{7F171468-E18A-4471-8995-D4259F226F35}.Release|Any CPU.Build.0 = Release|Any CPU
		{A5EA0B80-DF6C-4F50-AED2-682414E0D71C}.Debug|Any CPU.ActiveCfg = Debug|Any CPU
		{A5EA0B80-DF6C-4F50-AED2-682414E0D71C}.Debug|Any CPU.Build.0 = Debug|Any CPU
		{A5EA0B80-DF6C-4F50-AED2-682414E0D71C}.Release|Any CPU.ActiveCfg = Release|Any CPU
		{A5EA0B80-DF6C-4F50-AED2-682414E0D71C}.Release|Any CPU.Build.0 = Release|Any CPU
		{DCA2AE9F-F754-46CD-9B7E-3D7FB01FF09A}.Debug|Any CPU.ActiveCfg = Debug|Any CPU
		{DCA2AE9F-F754-46CD-9B7E-3D7FB01FF09A}.Debug|Any CPU.Build.0 = Debug|Any CPU
		{DCA2AE9F-F754-46CD-9B7E-3D7FB01FF09A}.Release|Any CPU.ActiveCfg = Release|Any CPU
		{DCA2AE9F-F754-46CD-9B7E-3D7FB01FF09A}.Release|Any CPU.Build.0 = Release|Any CPU
		{BD1BF8EC-F451-4209-9856-DFEA44EF5DC1}.Debug|Any CPU.ActiveCfg = Debug|Any CPU
		{BD1BF8EC-F451-4209-9856-DFEA44EF5DC1}.Debug|Any CPU.Build.0 = Debug|Any CPU
		{BD1BF8EC-F451-4209-9856-DFEA44EF5DC1}.Release|Any CPU.ActiveCfg = Release|Any CPU
		{BD1BF8EC-F451-4209-9856-DFEA44EF5DC1}.Release|Any CPU.Build.0 = Release|Any CPU
		{23411572-4F32-42C8-BA2C-51922884A67C}.Debug|Any CPU.ActiveCfg = Debug|Any CPU
		{23411572-4F32-42C8-BA2C-51922884A67C}.Debug|Any CPU.Build.0 = Debug|Any CPU
		{23411572-4F32-42C8-BA2C-51922884A67C}.Release|Any CPU.ActiveCfg = Release|Any CPU
		{23411572-4F32-42C8-BA2C-51922884A67C}.Release|Any CPU.Build.0 = Release|Any CPU
		{60EC82D5-CA3F-471F-AE5B-82BA22BB4D46}.Debug|Any CPU.ActiveCfg = Debug|Any CPU
		{60EC82D5-CA3F-471F-AE5B-82BA22BB4D46}.Debug|Any CPU.Build.0 = Debug|Any CPU
		{60EC82D5-CA3F-471F-AE5B-82BA22BB4D46}.Release|Any CPU.ActiveCfg = Release|Any CPU
		{60EC82D5-CA3F-471F-AE5B-82BA22BB4D46}.Release|Any CPU.Build.0 = Release|Any CPU
		{FD2CC4FC-7DEE-420A-A25D-A0F5EDCF4521}.Debug|Any CPU.ActiveCfg = Debug|Any CPU
		{FD2CC4FC-7DEE-420A-A25D-A0F5EDCF4521}.Debug|Any CPU.Build.0 = Debug|Any CPU
		{FD2CC4FC-7DEE-420A-A25D-A0F5EDCF4521}.Release|Any CPU.ActiveCfg = Release|Any CPU
		{FD2CC4FC-7DEE-420A-A25D-A0F5EDCF4521}.Release|Any CPU.Build.0 = Release|Any CPU
		{17796B75-6DB8-47F2-8026-78D6D1E69BBB}.Debug|Any CPU.ActiveCfg = Debug|Any CPU
		{17796B75-6DB8-47F2-8026-78D6D1E69BBB}.Debug|Any CPU.Build.0 = Debug|Any CPU
		{17796B75-6DB8-47F2-8026-78D6D1E69BBB}.Release|Any CPU.ActiveCfg = Release|Any CPU
		{17796B75-6DB8-47F2-8026-78D6D1E69BBB}.Release|Any CPU.Build.0 = Release|Any CPU
		{D77343CA-791C-46A7-BF27-A0040E825638}.Debug|Any CPU.ActiveCfg = Debug|Any CPU
		{D77343CA-791C-46A7-BF27-A0040E825638}.Debug|Any CPU.Build.0 = Debug|Any CPU
		{D77343CA-791C-46A7-BF27-A0040E825638}.Release|Any CPU.ActiveCfg = Release|Any CPU
		{D77343CA-791C-46A7-BF27-A0040E825638}.Release|Any CPU.Build.0 = Release|Any CPU
		{9C4E1E5E-4C60-4BED-92DF-F985E8866A6F}.Debug|Any CPU.ActiveCfg = Debug|Any CPU
		{9C4E1E5E-4C60-4BED-92DF-F985E8866A6F}.Debug|Any CPU.Build.0 = Debug|Any CPU
		{9C4E1E5E-4C60-4BED-92DF-F985E8866A6F}.Release|Any CPU.ActiveCfg = Release|Any CPU
		{9C4E1E5E-4C60-4BED-92DF-F985E8866A6F}.Release|Any CPU.Build.0 = Release|Any CPU
		{60A74811-CAE5-4F50-A68F-E51F65D33955}.Debug|Any CPU.ActiveCfg = Debug|Any CPU
		{60A74811-CAE5-4F50-A68F-E51F65D33955}.Debug|Any CPU.Build.0 = Debug|Any CPU
		{60A74811-CAE5-4F50-A68F-E51F65D33955}.Release|Any CPU.ActiveCfg = Release|Any CPU
		{60A74811-CAE5-4F50-A68F-E51F65D33955}.Release|Any CPU.Build.0 = Release|Any CPU
		{09A29D17-CCEC-461A-B64B-C5E792B714C5}.Debug|Any CPU.ActiveCfg = Debug|Any CPU
		{09A29D17-CCEC-461A-B64B-C5E792B714C5}.Debug|Any CPU.Build.0 = Debug|Any CPU
		{09A29D17-CCEC-461A-B64B-C5E792B714C5}.Release|Any CPU.ActiveCfg = Release|Any CPU
		{09A29D17-CCEC-461A-B64B-C5E792B714C5}.Release|Any CPU.Build.0 = Release|Any CPU
	EndGlobalSection
	GlobalSection(SolutionProperties) = preSolution
		HideSolutionNode = FALSE
	EndGlobalSection
EndGlobal
