
Microsoft Visual Studio Solution File, Format Version 12.00
# Visual Studio 2013
VisualStudioVersion = 12.0.21005.1
MinimumVisualStudioVersion = 10.0.40219.1
Project("{FAE04EC0-301F-11D3-BF4B-00C04F79EFBC}") = "Student", "06.OOP - CommponTypeSystem\Student.csproj", "{A60E80F5-623F-47B7-89F4-ADB3774E9A87}"
EndProject
Project("{FAE04EC0-301F-11D3-BF4B-00C04F79EFBC}") = "Person", "Person\Person.csproj", "{6B9F3787-6C6D-4F82-B935-B832540E07CE}"
EndProject
Project("{FAE04EC0-301F-11D3-BF4B-00C04F79EFBC}") = "BitArray64", "BitArray64\BitArray64.csproj", "{77381BA6-7FB2-4556-96D4-B64BCDE2FDB8}"
EndProject
Global
	GlobalSection(SolutionConfigurationPlatforms) = preSolution
		Debug|Any CPU = Debug|Any CPU
		Release|Any CPU = Release|Any CPU
	EndGlobalSection
	GlobalSection(ProjectConfigurationPlatforms) = postSolution
		{A60E80F5-623F-47B7-89F4-ADB3774E9A87}.Debug|Any CPU.ActiveCfg = Debug|Any CPU
		{A60E80F5-623F-47B7-89F4-ADB3774E9A87}.Debug|Any CPU.Build.0 = Debug|Any CPU
		{A60E80F5-623F-47B7-89F4-ADB3774E9A87}.Release|Any CPU.ActiveCfg = Release|Any CPU
		{A60E80F5-623F-47B7-89F4-ADB3774E9A87}.Release|Any CPU.Build.0 = Release|Any CPU
		{6B9F3787-6C6D-4F82-B935-B832540E07CE}.Debug|Any CPU.ActiveCfg = Debug|Any CPU
		{6B9F3787-6C6D-4F82-B935-B832540E07CE}.Debug|Any CPU.Build.0 = Debug|Any CPU
		{6B9F3787-6C6D-4F82-B935-B832540E07CE}.Release|Any CPU.ActiveCfg = Release|Any CPU
		{6B9F3787-6C6D-4F82-B935-B832540E07CE}.Release|Any CPU.Build.0 = Release|Any CPU
		{77381BA6-7FB2-4556-96D4-B64BCDE2FDB8}.Debug|Any CPU.ActiveCfg = Debug|Any CPU
		{77381BA6-7FB2-4556-96D4-B64BCDE2FDB8}.Debug|Any CPU.Build.0 = Debug|Any CPU
		{77381BA6-7FB2-4556-96D4-B64BCDE2FDB8}.Release|Any CPU.ActiveCfg = Release|Any CPU
		{77381BA6-7FB2-4556-96D4-B64BCDE2FDB8}.Release|Any CPU.Build.0 = Release|Any CPU
	EndGlobalSection
	GlobalSection(SolutionProperties) = preSolution
		HideSolutionNode = FALSE
	EndGlobalSection
EndGlobal
