
Microsoft Visual Studio Solution File, Format Version 12.00
# Visual Studio 2013
VisualStudioVersion = 12.0.21005.1
MinimumVisualStudioVersion = 10.0.40219.1
Project("{FAE04EC0-301F-11D3-BF4B-00C04F79EFBC}") = "01.SchoolProject", "01.School\01.SchoolProject.csproj", "{061B449E-D62C-4DE2-B5D9-D850A17EE199}"
EndProject
Project("{FAE04EC0-301F-11D3-BF4B-00C04F79EFBC}") = "02.HumanProject", "HumanProject\02.HumanProject.csproj", "{AD094C56-051B-4D08-B283-B1D6385D864C}"
EndProject
Project("{FAE04EC0-301F-11D3-BF4B-00C04F79EFBC}") = "03.AnimalsProject", "AnimalsProject\03.AnimalsProject.csproj", "{01A550A0-6470-45BE-829E-86BFCA14E401}"
EndProject
Global
	GlobalSection(SolutionConfigurationPlatforms) = preSolution
		Debug|Any CPU = Debug|Any CPU
		Release|Any CPU = Release|Any CPU
	EndGlobalSection
	GlobalSection(ProjectConfigurationPlatforms) = postSolution
		{061B449E-D62C-4DE2-B5D9-D850A17EE199}.Debug|Any CPU.ActiveCfg = Debug|Any CPU
		{061B449E-D62C-4DE2-B5D9-D850A17EE199}.Debug|Any CPU.Build.0 = Debug|Any CPU
		{061B449E-D62C-4DE2-B5D9-D850A17EE199}.Release|Any CPU.ActiveCfg = Release|Any CPU
		{061B449E-D62C-4DE2-B5D9-D850A17EE199}.Release|Any CPU.Build.0 = Release|Any CPU
		{AD094C56-051B-4D08-B283-B1D6385D864C}.Debug|Any CPU.ActiveCfg = Debug|Any CPU
		{AD094C56-051B-4D08-B283-B1D6385D864C}.Debug|Any CPU.Build.0 = Debug|Any CPU
		{AD094C56-051B-4D08-B283-B1D6385D864C}.Release|Any CPU.ActiveCfg = Release|Any CPU
		{AD094C56-051B-4D08-B283-B1D6385D864C}.Release|Any CPU.Build.0 = Release|Any CPU
		{01A550A0-6470-45BE-829E-86BFCA14E401}.Debug|Any CPU.ActiveCfg = Debug|Any CPU
		{01A550A0-6470-45BE-829E-86BFCA14E401}.Debug|Any CPU.Build.0 = Debug|Any CPU
		{01A550A0-6470-45BE-829E-86BFCA14E401}.Release|Any CPU.ActiveCfg = Release|Any CPU
		{01A550A0-6470-45BE-829E-86BFCA14E401}.Release|Any CPU.Build.0 = Release|Any CPU
	EndGlobalSection
	GlobalSection(SolutionProperties) = preSolution
		HideSolutionNode = FALSE
	EndGlobalSection
EndGlobal
